
Microsoft Visual Studio Solution File, Format Version 12.00
# Visual Studio Version 16
VisualStudioVersion = 16.0.29609.76
MinimumVisualStudioVersion = 10.0.40219.1
Project("{9A19103F-16F7-4668-BE54-9A1E7A4F7556}") = "DetectArchitectureSample", "DetectArchitectureSample\DetectArchitectureSample.csproj", "{024A4ACB-3C7D-45F9-B05B-D9E7627F9A7D}"
EndProject
Global
	GlobalSection(SolutionConfigurationPlatforms) = preSolution
		Debug|x64 = Debug|x64
		Debug|x86 = Debug|x86
		Release|x64 = Release|x64
		Release|x86 = Release|x86
	EndGlobalSection
	GlobalSection(ProjectConfigurationPlatforms) = postSolution
		{024A4ACB-3C7D-45F9-B05B-D9E7627F9A7D}.Debug|x64.ActiveCfg = Debug|x64
		{024A4ACB-3C7D-45F9-B05B-D9E7627F9A7D}.Debug|x64.Build.0 = Debug|x64
		{024A4ACB-3C7D-45F9-B05B-D9E7627F9A7D}.Debug|x86.ActiveCfg = Debug|x86
		{024A4ACB-3C7D-45F9-B05B-D9E7627F9A7D}.Debug|x86.Build.0 = Debug|x86
		{024A4ACB-3C7D-45F9-B05B-D9E7627F9A7D}.Release|x64.ActiveCfg = Release|x64
		{024A4ACB-3C7D-45F9-B05B-D9E7627F9A7D}.Release|x64.Build.0 = Release|x64
		{024A4ACB-3C7D-45F9-B05B-D9E7627F9A7D}.Release|x86.ActiveCfg = Release|x86
		{024A4ACB-3C7D-45F9-B05B-D9E7627F9A7D}.Release|x86.Build.0 = Release|x86
	EndGlobalSection
	GlobalSection(SolutionProperties) = preSolution
		HideSolutionNode = FALSE
	EndGlobalSection
	GlobalSection(ExtensibilityGlobals) = postSolution
		SolutionGuid = {7D4DEDBD-DD11-472C-9DF7-8DAC1E24C43E}
	EndGlobalSection
EndGlobal
